hash: d4169ba0f9420d015b8a25273e6d7c1deb159c820aee7dbb11b09d08807acf14
updated: 2017-09-27T16:59:04.269398033-07:00
imports:
- name: github.com/codegangsta/gin
  version: 9ba699191d209550053612796f2181e6ae352585
- name: github.com/go-pg/migrations
  version: 7fef4335f5b989ddf9f8b3d5661437faa976300b
- name: github.com/go-pg/pg
  version: 0cd2ff625d4d38126c5b6afb9399a3a436883bd1
  subpackages:
  - internal
  - internal/parser
  - internal/pool
  - orm
  - types
- name: github.com/golang/protobuf
  version: 130e6b02ab059e7b717a096f397c5b60111cae74
  subpackages:
  - protoc-gen-go
  version: 1c35d901db3da928c72a72d8458480cc9ade058f
- name: google.golang.org/grpc
  version: f92cdcd7dcdc69e81b2d7b338479a19a8723cfa3
testImports: []
